
Microsoft Visual Studio Solution File, Format Version 12.00
# Visual Studio Version 16
VisualStudioVersion = 16.0.29709.97
MinimumVisualStudioVersion = 10.0.40219.1
Project("{2150E333-8FDC-42A3-9474-1A3956D46DE8}") = "Solution Items", "Solution Items", "{946BF6F2-D881-4F85-A875-BE28B392C07A}"
	ProjectSection(SolutionItems) = preProject
		.editorconfig = .editorconfig
		README.md = README.md
	EndProjectSection
EndProject
Project("{9A19103F-16F7-4668-BE54-9A1E7A4F7556}") = "ContosoUniversity.Server", "Server\ContosoUniversity.Server.csproj", "{ACE0CB29-CA60-4ED7-928A-4922AF8287CA}"
EndProject
Project("{9A19103F-16F7-4668-BE54-9A1E7A4F7556}") = "ContosoUniversity.Client", "Client\ContosoUniversity.Client.csproj", "{EDE17062-4827-44C9-AF6D-44F0D2ED4917}"
EndProject
Project("{9A19103F-16F7-4668-BE54-9A1E7A4F7556}") = "ContosoUniversity.Shared", "Shared\ContosoUniversity.Shared.csproj", "{CE4D5A69-3A2E-426A-8EAC-C1D0EDCBFC9F}"
EndProject
Project("{9A19103F-16F7-4668-BE54-9A1E7A4F7556}") = "ContosoUniversity.IntegrationTests", "ContosoUniversity.IntegrationTests\ContosoUniversity.IntegrationTests.csproj", "{7773401D-80F6-4679-8939-983C112B7EE3}"
EndProject
Project("{2150E333-8FDC-42A3-9474-1A3956D46DE8}") = "src", "src", "{3DF12521-F9AD-48AB-A93B-5AFDC2A37352}"
EndProject
Project("{2150E333-8FDC-42A3-9474-1A3956D46DE8}") = "test", "test", "{DAA3217B-3F3A-47BF-BD39-9DE46DE6DE66}"
EndProject
Global
	GlobalSection(SolutionConfigurationPlatforms) = preSolution
		Debug|Any CPU = Debug|Any CPU
		Release|Any CPU = Release|Any CPU
	EndGlobalSection
	GlobalSection(ProjectConfigurationPlatforms) = postSolution
		{ACE0CB29-CA60-4ED7-928A-4922AF8287CA}.Debug|Any CPU.ActiveCfg = Debug|Any CPU
		{ACE0CB29-CA60-4ED7-928A-4922AF8287CA}.Debug|Any CPU.Build.0 = Debug|Any CPU
		{ACE0CB29-CA60-4ED7-928A-4922AF8287CA}.Release|Any CPU.ActiveCfg = Release|Any CPU
		{ACE0CB29-CA60-4ED7-928A-4922AF8287CA}.Release|Any CPU.Build.0 = Release|Any CPU
		{EDE17062-4827-44C9-AF6D-44F0D2ED4917}.Debug|Any CPU.ActiveCfg = Debug|Any CPU
		{EDE17062-4827-44C9-AF6D-44F0D2ED4917}.Debug|Any CPU.Build.0 = Debug|Any CPU
		{EDE17062-4827-44C9-AF6D-44F0D2ED4917}.Release|Any CPU.ActiveCfg = Release|Any CPU
		{EDE17062-4827-44C9-AF6D-44F0D2ED4917}.Release|Any CPU.Build.0 = Release|Any CPU
		{CE4D5A69-3A2E-426A-8EAC-C1D0EDCBFC9F}.Debug|Any CPU.ActiveCfg = Debug|Any CPU
		{CE4D5A69-3A2E-426A-8EAC-C1D0EDCBFC9F}.Debug|Any CPU.Build.0 = Debug|Any CPU
		{CE4D5A69-3A2E-426A-8EAC-C1D0EDCBFC9F}.Release|Any CPU.ActiveCfg = Release|Any CPU
		{CE4D5A69-3A2E-426A-8EAC-C1D0EDCBFC9F}.Release|Any CPU.Build.0 = Release|Any CPU
		{7773401D-80F6-4679-8939-983C112B7EE3}.Debug|Any CPU.ActiveCfg = Debug|Any CPU
		{7773401D-80F6-4679-8939-983C112B7EE3}.Debug|Any CPU.Build.0 = Debug|Any CPU
		{7773401D-80F6-4679-8939-983C112B7EE3}.Release|Any CPU.ActiveCfg = Release|Any CPU
		{7773401D-80F6-4679-8939-983C112B7EE3}.Release|Any CPU.Build.0 = Release|Any CPU
	EndGlobalSection
	GlobalSection(SolutionProperties) = preSolution
		HideSolutionNode = FALSE
	EndGlobalSection
	GlobalSection(NestedProjects) = preSolution
		{ACE0CB29-CA60-4ED7-928A-4922AF8287CA} = {3DF12521-F9AD-48AB-A93B-5AFDC2A37352}
		{EDE17062-4827-44C9-AF6D-44F0D2ED4917} = {3DF12521-F9AD-48AB-A93B-5AFDC2A37352}
		{CE4D5A69-3A2E-426A-8EAC-C1D0EDCBFC9F} = {3DF12521-F9AD-48AB-A93B-5AFDC2A37352}
		{7773401D-80F6-4679-8939-983C112B7EE3} = {DAA3217B-3F3A-47BF-BD39-9DE46DE6DE66}
	EndGlobalSection
	GlobalSection(ExtensibilityGlobals) = postSolution
		SolutionGuid = {9380B09A-47E3-4552-BB4C-D8B864E9999C}
	EndGlobalSection
EndGlobal
